
Microsoft Visual Studio Solution File, Format Version 12.00
# Visual Studio Version 17
VisualStudioVersion = 17.5.2.0
MinimumVisualStudioVersion = 10.0.40219.1
Project("{2150E333-8FDC-42A3-9474-1A3956D46DE8}") = "src", "src", "{827E0CD3-B72D-47B6-A68D-7590B98EB39B}"
EndProject
Project("{FAE04EC0-301F-11D3-BF4B-00C04F79EFBC}") = "ReferralTriageApp", "src\ReferralTriageApp\ReferralTriageApp.csproj", "{7792C411-6D2B-56C8-747D-9161A78E5586}"
EndProject
Project("{FAE04EC0-301F-11D3-BF4B-00C04F79EFBC}") = "ReferralTriageApp.Tests", "src\ReferralTriageApp.Tests\ReferralTriageApp.Tests.csproj", "{6833433D-C89C-4D03-899C-7451A1710032}"
EndProject
Global
	GlobalSection(SolutionConfigurationPlatforms) = preSolution
		Debug|Any CPU = Debug|Any CPU
		Debug|x64 = Debug|x64
		Debug|x86 = Debug|x86
		Release|Any CPU = Release|Any CPU
		Release|x64 = Release|x64
		Release|x86 = Release|x86
	EndGlobalSection
	GlobalSection(ProjectConfigurationPlatforms) = postSolution
		{7792C411-6D2B-56C8-747D-9161A78E5586}.Debug|Any CPU.ActiveCfg = Debug|Any CPU
		{7792C411-6D2B-56C8-747D-9161A78E5586}.Debug|Any CPU.Build.0 = Debug|Any CPU
		{7792C411-6D2B-56C8-747D-9161A78E5586}.Debug|x64.ActiveCfg = Debug|Any CPU
		{7792C411-6D2B-56C8-747D-9161A78E5586}.Debug|x64.Build.0 = Debug|Any CPU
		{7792C411-6D2B-56C8-747D-9161A78E5586}.Debug|x86.ActiveCfg = Debug|Any CPU
		{7792C411-6D2B-56C8-747D-9161A78E5586}.Debug|x86.Build.0 = Debug|Any CPU
		{7792C411-6D2B-56C8-747D-9161A78E5586}.Release|Any CPU.ActiveCfg = Release|Any CPU
		{7792C411-6D2B-56C8-747D-9161A78E5586}.Release|Any CPU.Build.0 = Release|Any CPU
		{7792C411-6D2B-56C8-747D-9161A78E5586}.Release|x64.ActiveCfg = Release|Any CPU
		{7792C411-6D2B-56C8-747D-9161A78E5586}.Release|x64.Build.0 = Release|Any CPU
		{7792C411-6D2B-56C8-747D-9161A78E5586}.Release|x86.ActiveCfg = Release|Any CPU
		{7792C411-6D2B-56C8-747D-9161A78E5586}.Release|x86.Build.0 = Release|Any CPU
		{6833433D-C89C-4D03-899C-7451A1710032}.Debug|Any CPU.ActiveCfg = Debug|Any CPU
		{6833433D-C89C-4D03-899C-7451A1710032}.Debug|Any CPU.Build.0 = Debug|Any CPU
		{6833433D-C89C-4D03-899C-7451A1710032}.Debug|x64.ActiveCfg = Debug|Any CPU
		{6833433D-C89C-4D03-899C-7451A1710032}.Debug|x64.Build.0 = Debug|Any CPU
		{6833433D-C89C-4D03-899C-7451A1710032}.Debug|x86.ActiveCfg = Debug|Any CPU
		{6833433D-C89C-4D03-899C-7451A1710032}.Debug|x86.Build.0 = Debug|Any CPU
		{6833433D-C89C-4D03-899C-7451A1710032}.Release|Any CPU.ActiveCfg = Release|Any CPU
		{6833433D-C89C-4D03-899C-7451A1710032}.Release|Any CPU.Build.0 = Release|Any CPU
		{6833433D-C89C-4D03-899C-7451A1710032}.Release|x64.ActiveCfg = Release|Any CPU
		{6833433D-C89C-4D03-899C-7451A1710032}.Release|x64.Build.0 = Release|Any CPU
		{6833433D-C89C-4D03-899C-7451A1710032}.Release|x86.ActiveCfg = Release|Any CPU
		{6833433D-C89C-4D03-899C-7451A1710032}.Release|x86.Build.0 = Release|Any CPU
	EndGlobalSection
	GlobalSection(SolutionProperties) = preSolution
		HideSolutionNode = FALSE
	EndGlobalSection
	GlobalSection(NestedProjects) = preSolution
		{7792C411-6D2B-56C8-747D-9161A78E5586} = {827E0CD3-B72D-47B6-A68D-7590B98EB39B}
		{6833433D-C89C-4D03-899C-7451A1710032} = {827E0CD3-B72D-47B6-A68D-7590B98EB39B}
	EndGlobalSection
	GlobalSection(ExtensibilityGlobals) = postSolution
		SolutionGuid = {10DCCC88-EBDC-4671-814E-B84D3C4597C7}
	EndGlobalSection
EndGlobal
